
Microsoft Visual Studio Solution File, Format Version 12.00
# Visual Studio 14
VisualStudioVersion = 14.0.24720.0
MinimumVisualStudioVersion = 10.0.40219.1
Project("{2150E333-8FDC-42A3-9474-1A3956D46DE8}") = "src", "src", "{9288635A-60AD-4305-8B59-76DFAF830991}"
EndProject
Project("{2150E333-8FDC-42A3-9474-1A3956D46DE8}") = "Solution Items", "Solution Items", "{05A76E00-F205-4839-A914-64F22F720670}"
	ProjectSection(SolutionItems) = preProject
		global.json = global.json
	EndProjectSection
EndProject
Project("{8BB2217D-0F2D-49D1-97BC-3654ED321F3B}") = "churchstats", "src\churchstats\churchstats.xproj", "{20F1878E-9DBF-4CF5-BED7-69AB3D2B8CAC}"
EndProject
Project("{00D1A9C2-B5F0-4AF3-8072-F6C62B433612}") = "database", "database\database.sqlproj", "{3F7EB69B-081E-45E6-B181-E74E35B19DA6}"
EndProject
Project("{FAE04EC0-301F-11D3-BF4B-00C04F79EFBC}") = "webapi", "webapi\webapi.csproj", "{999AF0BC-4EC0-4783-B976-425C5EF24E34}"
EndProject
Project("{FAE04EC0-301F-11D3-BF4B-00C04F79EFBC}") = "data", "data\data.csproj", "{59F0A9BD-45AB-47BD-A695-D5E1FF874E7F}"
EndProject
Global
	GlobalSection(SolutionConfigurationPlatforms) = preSolution
		Debug|Any CPU = Debug|Any CPU
		Release|Any CPU = Release|Any CPU
	EndGlobalSection
	GlobalSection(ProjectConfigurationPlatforms) = postSolution
		{20F1878E-9DBF-4CF5-BED7-69AB3D2B8CAC}.Debug|Any CPU.ActiveCfg = Debug|Any CPU
		{20F1878E-9DBF-4CF5-BED7-69AB3D2B8CAC}.Debug|Any CPU.Build.0 = Debug|Any CPU
		{20F1878E-9DBF-4CF5-BED7-69AB3D2B8CAC}.Release|Any CPU.ActiveCfg = Release|Any CPU
		{20F1878E-9DBF-4CF5-BED7-69AB3D2B8CAC}.Release|Any CPU.Build.0 = Release|Any CPU
		{3F7EB69B-081E-45E6-B181-E74E35B19DA6}.Debug|Any CPU.ActiveCfg = Debug|Any CPU
		{3F7EB69B-081E-45E6-B181-E74E35B19DA6}.Debug|Any CPU.Build.0 = Debug|Any CPU
		{3F7EB69B-081E-45E6-B181-E74E35B19DA6}.Debug|Any CPU.Deploy.0 = Debug|Any CPU
		{3F7EB69B-081E-45E6-B181-E74E35B19DA6}.Release|Any CPU.ActiveCfg = Release|Any CPU
		{3F7EB69B-081E-45E6-B181-E74E35B19DA6}.Release|Any CPU.Build.0 = Release|Any CPU
		{3F7EB69B-081E-45E6-B181-E74E35B19DA6}.Release|Any CPU.Deploy.0 = Release|Any CPU
		{999AF0BC-4EC0-4783-B976-425C5EF24E34}.Debug|Any CPU.ActiveCfg = Debug|Any CPU
		{999AF0BC-4EC0-4783-B976-425C5EF24E34}.Debug|Any CPU.Build.0 = Debug|Any CPU
		{999AF0BC-4EC0-4783-B976-425C5EF24E34}.Release|Any CPU.ActiveCfg = Release|Any CPU
		{999AF0BC-4EC0-4783-B976-425C5EF24E34}.Release|Any CPU.Build.0 = Release|Any CPU
		{59F0A9BD-45AB-47BD-A695-D5E1FF874E7F}.Debug|Any CPU.ActiveCfg = Debug|Any CPU
		{59F0A9BD-45AB-47BD-A695-D5E1FF874E7F}.Debug|Any CPU.Build.0 = Debug|Any CPU
		{59F0A9BD-45AB-47BD-A695-D5E1FF874E7F}.Release|Any CPU.ActiveCfg = Release|Any CPU
		{59F0A9BD-45AB-47BD-A695-D5E1FF874E7F}.Release|Any CPU.Build.0 = Release|Any CPU
	EndGlobalSection
	GlobalSection(SolutionProperties) = preSolution
		HideSolutionNode = FALSE
	EndGlobalSection
	GlobalSection(NestedProjects) = preSolution
		{20F1878E-9DBF-4CF5-BED7-69AB3D2B8CAC} = {9288635A-60AD-4305-8B59-76DFAF830991}
		{999AF0BC-4EC0-4783-B976-425C5EF24E34} = {9288635A-60AD-4305-8B59-76DFAF830991}
	EndGlobalSection
EndGlobal
